
Microsoft Visual Studio Solution File, Format Version 12.00
# Visual Studio Version 17
VisualStudioVersion = 17.14.36109.1
MinimumVisualStudioVersion = 10.0.40219.1
Project("{FAE04EC0-301F-11D3-BF4B-00C04F79EFBC}") = "Stargate.API", "Stargate.API\Stargate.API.csproj", "{CA71C904-2E24-CA7B-082F-D50A8A53BA59}"
EndProject
Project("{FAE04EC0-301F-11D3-BF4B-00C04F79EFBC}") = "Stargate.Application", "Stargate.Application\Stargate.Application.csproj", "{94DBDB44-71A3-429D-8F35-FDB9804A7042}"
EndProject
Project("{FAE04EC0-301F-11D3-BF4B-00C04F79EFBC}") = "Stargate.Domain", "Stargate.Domain\Stargate.Domain.csproj", "{44A45433-7320-45C4-AE1E-03ECBEE9D46A}"
EndProject
Project("{FAE04EC0-301F-11D3-BF4B-00C04F79EFBC}") = "Stargate.Infrastructure", "Stargate.Infrastructure\Stargate.Infrastructure.csproj", "{6537F0EF-0D93-4976-BBAC-1C9FFF3D0E0B}"
EndProject
Global
	GlobalSection(SolutionConfigurationPlatforms) = preSolution
		Debug|Any CPU = Debug|Any CPU
		Release|Any CPU = Release|Any CPU
	EndGlobalSection
	GlobalSection(ProjectConfigurationPlatforms) = postSolution
		{CA71C904-2E24-CA7B-082F-D50A8A53BA59}.Debug|Any CPU.ActiveCfg = Debug|Any CPU
		{CA71C904-2E24-CA7B-082F-D50A8A53BA59}.Debug|Any CPU.Build.0 = Debug|Any CPU
		{CA71C904-2E24-CA7B-082F-D50A8A53BA59}.Release|Any CPU.ActiveCfg = Release|Any CPU
		{CA71C904-2E24-CA7B-082F-D50A8A53BA59}.Release|Any CPU.Build.0 = Release|Any CPU
		{94DBDB44-71A3-429D-8F35-FDB9804A7042}.Debug|Any CPU.ActiveCfg = Debug|Any CPU
		{94DBDB44-71A3-429D-8F35-FDB9804A7042}.Debug|Any CPU.Build.0 = Debug|Any CPU
		{94DBDB44-71A3-429D-8F35-FDB9804A7042}.Release|Any CPU.ActiveCfg = Release|Any CPU
		{94DBDB44-71A3-429D-8F35-FDB9804A7042}.Release|Any CPU.Build.0 = Release|Any CPU
		{44A45433-7320-45C4-AE1E-03ECBEE9D46A}.Debug|Any CPU.ActiveCfg = Debug|Any CPU
		{44A45433-7320-45C4-AE1E-03ECBEE9D46A}.Debug|Any CPU.Build.0 = Debug|Any CPU
		{44A45433-7320-45C4-AE1E-03ECBEE9D46A}.Release|Any CPU.ActiveCfg = Release|Any CPU
		{44A45433-7320-45C4-AE1E-03ECBEE9D46A}.Release|Any CPU.Build.0 = Release|Any CPU
		{6537F0EF-0D93-4976-BBAC-1C9FFF3D0E0B}.Debug|Any CPU.ActiveCfg = Debug|Any CPU
		{6537F0EF-0D93-4976-BBAC-1C9FFF3D0E0B}.Debug|Any CPU.Build.0 = Debug|Any CPU
		{6537F0EF-0D93-4976-BBAC-1C9FFF3D0E0B}.Release|Any CPU.ActiveCfg = Release|Any CPU
		{6537F0EF-0D93-4976-BBAC-1C9FFF3D0E0B}.Release|Any CPU.Build.0 = Release|Any CPU
	EndGlobalSection
	GlobalSection(SolutionProperties) = preSolution
		HideSolutionNode = FALSE
	EndGlobalSection
	GlobalSection(ExtensibilityGlobals) = postSolution
		SolutionGuid = {D9F7E778-A88E-49CF-918B-613DC0C3464E}
	EndGlobalSection
EndGlobal
